
Microsoft Visual Studio Solution File, Format Version 12.00
# Visual Studio 15
VisualStudioVersion = 15.0.28010.2046
MinimumVisualStudioVersion = 10.0.40219.1
Project("{FAE04EC0-301F-11D3-BF4B-00C04F79EFBC}") = "CoreDALLib", "CoreDALLib\CoreDALLib.csproj", "{9B9B4667-BB4C-49B5-8693-1DE42BD59390}"
EndProject
Project("{FAE04EC0-301F-11D3-BF4B-00C04F79EFBC}") = "AccountDALLib", "AccountDALLib\AccountDALLib.csproj", "{99596B00-CD2F-4A3D-AA00-0AD20B7D5F90}"
EndProject
Project("{FAE04EC0-301F-11D3-BF4B-00C04F79EFBC}") = "OrgAccountDALLib", "OrgAccountDALLib\OrgAccountDALLib.csproj", "{8EFA81EB-1AAA-4943-A81B-B5ADDDBDA434}"
EndProject
Global
	GlobalSection(SolutionConfigurationPlatforms) = preSolution
		Debug|Any CPU = Debug|Any CPU
		Release|Any CPU = Release|Any CPU
	EndGlobalSection
	GlobalSection(ProjectConfigurationPlatforms) = postSolution
		{9B9B4667-BB4C-49B5-8693-1DE42BD59390}.Debug|Any CPU.ActiveCfg = Debug|Any CPU
		{9B9B4667-BB4C-49B5-8693-1DE42BD59390}.Debug|Any CPU.Build.0 = Debug|Any CPU
		{9B9B4667-BB4C-49B5-8693-1DE42BD59390}.Release|Any CPU.ActiveCfg = Release|Any CPU
		{9B9B4667-BB4C-49B5-8693-1DE42BD59390}.Release|Any CPU.Build.0 = Release|Any CPU
		{99596B00-CD2F-4A3D-AA00-0AD20B7D5F90}.Debug|Any CPU.ActiveCfg = Debug|Any CPU
		{99596B00-CD2F-4A3D-AA00-0AD20B7D5F90}.Debug|Any CPU.Build.0 = Debug|Any CPU
		{99596B00-CD2F-4A3D-AA00-0AD20B7D5F90}.Release|Any CPU.ActiveCfg = Release|Any CPU
		{99596B00-CD2F-4A3D-AA00-0AD20B7D5F90}.Release|Any CPU.Build.0 = Release|Any CPU
		{8EFA81EB-1AAA-4943-A81B-B5ADDDBDA434}.Debug|Any CPU.ActiveCfg = Debug|Any CPU
		{8EFA81EB-1AAA-4943-A81B-B5ADDDBDA434}.Debug|Any CPU.Build.0 = Debug|Any CPU
		{8EFA81EB-1AAA-4943-A81B-B5ADDDBDA434}.Release|Any CPU.ActiveCfg = Release|Any CPU
		{8EFA81EB-1AAA-4943-A81B-B5ADDDBDA434}.Release|Any CPU.Build.0 = Release|Any CPU
	EndGlobalSection
	GlobalSection(SolutionProperties) = preSolution
		HideSolutionNode = FALSE
	EndGlobalSection
	GlobalSection(ExtensibilityGlobals) = postSolution
		SolutionGuid = {BE10F7ED-EE2A-432F-A6E9-BF9CED2FD749}
	EndGlobalSection
EndGlobal
